
Microsoft Visual Studio Solution File, Format Version 12.00
# Visual Studio Version 16
VisualStudioVersion = 16.0.35826.135
MinimumVisualStudioVersion = 10.0.40219.1
Project("{FAE04EC0-301F-11D3-BF4B-00C04F79EFBC}") = "VIGO_ERP_2.0", "VIGO_ERP_2.0\VIGO_ERP_2.0.csproj", "{1CCEEFB9-01F3-489C-9BF0-6E8AF831CA0B}"
EndProject
Global
	GlobalSection(SolutionConfigurationPlatforms) = preSolution
		Debug|Any CPU = Debug|Any CPU
		Release|Any CPU = Release|Any CPU
	EndGlobalSection
	GlobalSection(ProjectConfigurationPlatforms) = postSolution
		{1CCEEFB9-01F3-489C-9BF0-6E8AF831CA0B}.Debug|Any CPU.ActiveCfg = Debug|Any CPU
		{1CCEEFB9-01F3-489C-9BF0-6E8AF831CA0B}.Debug|Any CPU.Build.0 = Debug|Any CPU
		{1CCEEFB9-01F3-489C-9BF0-6E8AF831CA0B}.Release|Any CPU.ActiveCfg = Release|Any CPU
		{1CCEEFB9-01F3-489C-9BF0-6E8AF831CA0B}.Release|Any CPU.Build.0 = Release|Any CPU
	EndGlobalSection
	GlobalSection(SolutionProperties) = preSolution
		HideSolutionNode = FALSE
	EndGlobalSection
	GlobalSection(ExtensibilityGlobals) = postSolution
		SolutionGuid = {DED73A65-FB4B-4C4F-AC9A-2C803F880411}
	EndGlobalSection
	GlobalSection(TeamFoundationVersionControl) = preSolution
		SccNumberOfProjects = 2
		SccEnterpriseProvider = {4CA58AB2-18FA-4F8D-95D4-32DDF27D184C}
		SccTeamFoundationServer = https://dev.azure.com/rajendravishwakarma
		SccLocalPath0 = .
		SccProjectUniqueName1 = VIGO_ERP_2.0\\VIGO_ERP_2.0.csproj
		SccProjectName1 = VIGO_ERP_2.0
		SccLocalPath1 = VIGO_ERP_2.0
	EndGlobalSection
EndGlobal
